
Microsoft Visual Studio Solution File, Format Version 12.00
# Visual Studio Version 16
VisualStudioVersion = 16.0.30804.86
MinimumVisualStudioVersion = 10.0.40219.1
Project("{FAE04EC0-301F-11D3-BF4B-00C04F79EFBC}") = "WebApplication5", "WebApplication5\WebApplication5.csproj", "{703655C1-F02B-44B6-945D-B7F731A70DBD}"
EndProject
Global
	GlobalSection(SolutionConfigurationPlatforms) = preSolution
		Debug|Any CPU = Debug|Any CPU
		Release|Any CPU = Release|Any CPU
	EndGlobalSection
	GlobalSection(ProjectConfigurationPlatforms) = postSolution
		{703655C1-F02B-44B6-945D-B7F731A70DBD}.Debug|Any CPU.ActiveCfg = Debug|Any CPU
		{703655C1-F02B-44B6-945D-B7F731A70DBD}.Debug|Any CPU.Build.0 = Debug|Any CPU
		{703655C1-F02B-44B6-945D-B7F731A70DBD}.Release|Any CPU.ActiveCfg = Release|Any CPU
		{703655C1-F02B-44B6-945D-B7F731A70DBD}.Release|Any CPU.Build.0 = Release|Any CPU
	EndGlobalSection
	GlobalSection(SolutionProperties) = preSolution
		HideSolutionNode = FALSE
	EndGlobalSection
	GlobalSection(ExtensibilityGlobals) = postSolution
		SolutionGuid = {10F1D87A-B5BC-4C42-95EC-57E87E5C1DDF}
	EndGlobalSection
EndGlobal
